
Microsoft Visual Studio Solution File, Format Version 12.00
# Visual Studio Version 17
VisualStudioVersion = 17.12.35707.178
MinimumVisualStudioVersion = 10.0.40219.1
Project("{2150E333-8FDC-42A3-9474-1A3956D46DE8}") = "src", "src", "{7559644F-7650-4192-9A1D-8AEE37F77421}"
EndProject
Project("{FAE04EC0-301F-11D3-BF4B-00C04F79EFBC}") = "AamaCare.Api", "AamaCare.Api\AamaCare.Api.csproj", "{41E686F6-DE07-443D-BC31-4AF9B9400A80}"
EndProject
Project("{FAE04EC0-301F-11D3-BF4B-00C04F79EFBC}") = "AamaCare.Application", "AamaCare.Application\AamaCare.Application.csproj", "{CE3C0EF0-F7EE-4BDD-A2DC-0D7A35017ED7}"
EndProject
Project("{FAE04EC0-301F-11D3-BF4B-00C04F79EFBC}") = "AamaCare.Domain", "AamaCare.Domain\AamaCare.Domain.csproj", "{C64CAF56-404E-46CA-947B-6B6ED6177E40}"
EndProject
Project("{FAE04EC0-301F-11D3-BF4B-00C04F79EFBC}") = "AamaCare.Infrastructure", "AamaCare.Infrastructure\AamaCare.Infrastructure.csproj", "{446954E3-729F-438D-B094-F9038DAF203F}"
EndProject
Project("{2150E333-8FDC-42A3-9474-1A3956D46DE8}") = "web", "web", "{8736DF61-64C5-49FA-89E7-910582A6002D}"
EndProject
Project("{2150E333-8FDC-42A3-9474-1A3956D46DE8}") = "aama-care-web", "aama-care-web", "{91DF9436-3EA0-41D1-B7FE-23C64C665783}"
EndProject
Global
	GlobalSection(SolutionConfigurationPlatforms) = preSolution
		Debug|Any CPU = Debug|Any CPU
		Release|Any CPU = Release|Any CPU
	EndGlobalSection
	GlobalSection(ProjectConfigurationPlatforms) = postSolution
		{41E686F6-DE07-443D-BC31-4AF9B9400A80}.Debug|Any CPU.ActiveCfg = Debug|Any CPU
		{41E686F6-DE07-443D-BC31-4AF9B9400A80}.Debug|Any CPU.Build.0 = Debug|Any CPU
		{41E686F6-DE07-443D-BC31-4AF9B9400A80}.Release|Any CPU.ActiveCfg = Release|Any CPU
		{41E686F6-DE07-443D-BC31-4AF9B9400A80}.Release|Any CPU.Build.0 = Release|Any CPU
		{CE3C0EF0-F7EE-4BDD-A2DC-0D7A35017ED7}.Debug|Any CPU.ActiveCfg = Debug|Any CPU
		{CE3C0EF0-F7EE-4BDD-A2DC-0D7A35017ED7}.Debug|Any CPU.Build.0 = Debug|Any CPU
		{CE3C0EF0-F7EE-4BDD-A2DC-0D7A35017ED7}.Release|Any CPU.ActiveCfg = Release|Any CPU
		{CE3C0EF0-F7EE-4BDD-A2DC-0D7A35017ED7}.Release|Any CPU.Build.0 = Release|Any CPU
		{C64CAF56-404E-46CA-947B-6B6ED6177E40}.Debug|Any CPU.ActiveCfg = Debug|Any CPU
		{C64CAF56-404E-46CA-947B-6B6ED6177E40}.Debug|Any CPU.Build.0 = Debug|Any CPU
		{C64CAF56-404E-46CA-947B-6B6ED6177E40}.Release|Any CPU.ActiveCfg = Release|Any CPU
		{C64CAF56-404E-46CA-947B-6B6ED6177E40}.Release|Any CPU.Build.0 = Release|Any CPU
		{446954E3-729F-438D-B094-F9038DAF203F}.Debug|Any CPU.ActiveCfg = Debug|Any CPU
		{446954E3-729F-438D-B094-F9038DAF203F}.Debug|Any CPU.Build.0 = Debug|Any CPU
		{446954E3-729F-438D-B094-F9038DAF203F}.Release|Any CPU.ActiveCfg = Release|Any CPU
		{446954E3-729F-438D-B094-F9038DAF203F}.Release|Any CPU.Build.0 = Release|Any CPU
	EndGlobalSection
	GlobalSection(SolutionProperties) = preSolution
		HideSolutionNode = FALSE
	EndGlobalSection
	GlobalSection(NestedProjects) = preSolution
		{41E686F6-DE07-443D-BC31-4AF9B9400A80} = {7559644F-7650-4192-9A1D-8AEE37F77421}
		{CE3C0EF0-F7EE-4BDD-A2DC-0D7A35017ED7} = {7559644F-7650-4192-9A1D-8AEE37F77421}
		{C64CAF56-404E-46CA-947B-6B6ED6177E40} = {7559644F-7650-4192-9A1D-8AEE37F77421}
		{446954E3-729F-438D-B094-F9038DAF203F} = {7559644F-7650-4192-9A1D-8AEE37F77421}
		{91DF9436-3EA0-41D1-B7FE-23C64C665783} = {8736DF61-64C5-49FA-89E7-910582A6002D}
	EndGlobalSection
EndGlobal
